{
  "object": {
    "pins": [
      {
        "package": "Funky",
        "repositoryURL": "https://github.com/rxwei/Funky",
        "state": {
          "branch": null,
          "revision": "b94dbf2a9ce7ca35b92a8b490037b90c0e9c54c0",
          "version": "2.0.1"
        }
      },
      {
        "package": "Parsey",
        "repositoryURL": "https://github.com/kyouko-taiga/Parsey.git",
        "state": {
          "branch": "master",
          "revision": "e7b5144f3ea1b51ea81043c7567f132c4965ae1c",
          "version": null
        }
      }
    ]
  },
  "version": 1
}
