{
  "object": {
    "pins": [
      {
        "package": "Funky",
        "repositoryURL": "https://github.com/rxwei/Funky",
        "state": {
          "branch": null,
          "revision": "b94dbf2a9ce7ca35b92a8b490037b90c0e9c54c0",
          "version": "2.0.1"
        }
      },
      {
        "package": "Parsey",
        "repositoryURL": "https://github.com/rxwei/Parsey.git",
        "state": {
          "branch": null,
          "revision": "32f653044f95c880cd0cce929cfef29efb07ee5b",
          "version": null
        }
      }
    ]
  },
  "version": 1
}
